
Microsoft Visual Studio Solution File, Format Version 12.00
# Visual Studio Version 17
VisualStudioVersion = 17.11.35222.181
MinimumVisualStudioVersion = 10.0.40219.1
Project("{FAE04EC0-301F-11D3-BF4B-00C04F79EFBC}") = "GroupProjectBiblotek", "GroupProjectBiblotek.csproj", "{2AA63B80-E241-4B04-9F84-A3EBF330C7BA}"
EndProject
Global
	GlobalSection(SolutionConfigurationPlatforms) = preSolution
		Debug|Any CPU = Debug|Any CPU
		Release|Any CPU = Release|Any CPU
	EndGlobalSection
	GlobalSection(ProjectConfigurationPlatforms) = postSolution
		{2AA63B80-E241-4B04-9F84-A3EBF330C7BA}.Debug|Any CPU.ActiveCfg = Debug|Any CPU
		{2AA63B80-E241-4B04-9F84-A3EBF330C7BA}.Debug|Any CPU.Build.0 = Debug|Any CPU
		{2AA63B80-E241-4B04-9F84-A3EBF330C7BA}.Release|Any CPU.ActiveCfg = Release|Any CPU
		{2AA63B80-E241-4B04-9F84-A3EBF330C7BA}.Release|Any CPU.Build.0 = Release|Any CPU
	EndGlobalSection
	GlobalSection(SolutionProperties) = preSolution
		HideSolutionNode = FALSE
	EndGlobalSection
	GlobalSection(ExtensibilityGlobals) = postSolution
		SolutionGuid = {023399F8-2587-47C6-B16B-3391F4ACB8E8}
	EndGlobalSection
EndGlobal
